# This file is automatically @generated by Poetry 1.5.1 and should not be changed by hand.

[[package]]
name = "opencc-python-reimplemented"
version = "0.1.7"
description = "OpenCC made with Python"
optional = false
python-versions = "*"
files = [
    {file = "opencc-python-reimplemented-0.1.7.tar.gz", hash = "sha256:4f777ea3461a25257a7b876112cfa90bb6acabc6dfb843bf4d11266e43579dee"},
    {file = "opencc_python_reimplemented-0.1.7-py2.py3-none-any.whl", hash = "sha256:41b3b92943c7bed291f448e9c7fad4b577c8c2eae30fcfe5a74edf8818493aa6"},
]

[metadata]
lock-version = "2.0"
python-versions = "^3.11"
content-hash = "95ec82bac27fc1d64b9afb75e2b9ee65ec9fd590c215e7845f3146f8ab875295"
